// !$*UTF8*$!
{
	archiveVersion = 1;
	classes = {
	};
	objectVersion = 55;
	objects = {

/* Begin PBXBuildFile section */
		7FA466E1282059A500351D83 /* poke_wordleApp.swift in Sources */ = {isa = PBXBuildFile; fileRef = 7FA466E0282059A500351D83 /* poke_wordleApp.swift */; };
		7FA466E3282059A500351D83 /* ContentView.swift in Sources */ = {isa = PBXBuildFile; fileRef = 7FA466E2282059A500351D83 /* ContentView.swift */; };
		7FA466E5282059A600351D83 /* Assets.xcassets in Resources */ = {isa = PBXBuildFile; fileRef = 7FA466E4282059A600351D83 /* Assets.xcassets */; };
		7FA466E8282059A600351D83 /* Preview Assets.xcassets in Resources */ = {isa = PBXBuildFile; fileRef = 7FA466E7282059A600351D83 /* Preview Assets.xcassets */; };
		7FA466EA282059A600351D83 /* Persistence.swift in Sources */ = {isa = PBXBuildFile; fileRef = 7FA466E9282059A600351D83 /* Persistence.swift */; };
		7FA466ED282059A600351D83 /* poke_wordle.xcdatamodeld in Sources */ = {isa = PBXBuildFile; fileRef = 7FA466EB282059A600351D83 /* poke_wordle.xcdatamodeld */; };
		7FA466F7282059A600351D83 /* poke_wordleTests.swift in Sources */ = {isa = PBXBuildFile; fileRef = 7FA466F6282059A600351D83 /* poke_wordleTests.swift */; };
		7FA46701282059A600351D83 /* poke_wordleUITests.swift in Sources */ = {isa = PBXBuildFile; fileRef = 7FA46700282059A600351D83 /* poke_wordleUITests.swift */; };
		7FA46703282059A600351D83 /* poke_wordleUITestsLaunchTests.swift in Sources */ = {isa = PBXBuildFile; fileRef = 7FA46702282059A600351D83 /* poke_wordleUITestsLaunchTests.swift */; };
/* End PBXBuildFile section */

/* Begin PBXContainerItemProxy section */
		7FA466F3282059A600351D83 /* PBXContainerItemProxy */ = {
			isa = PBXContainerItemProxy;
			containerPortal = 7FA466D5282059A500351D83 /* Project object */;
			proxyType = 1;
			remoteGlobalIDString = 7FA466DC282059A500351D83;
			remoteInfo = "poke-wordle";
		};
		7FA466FD282059A600351D83 /* PBXContainerItemProxy */ = {
			isa = PBXContainerItemProxy;
			containerPortal = 7FA466D5282059A500351D83 /* Project object */;
			proxyType = 1;
			remoteGlobalIDString = 7FA466DC282059A500351D83;
			remoteInfo = "poke-wordle";
		};
/* End PBXContainerItemProxy section */

/* Begin PBXFileReference section */
		7FA466DD282059A500351D83 /* poke-wordle.app */ = {isa = PBXFileReference; explicitFileType = wrapper.application; includeInIndex = 0; path = "poke-wordle.app"; sourceTree = BUILT_PRODUCTS_DIR; };
		7FA466E0282059A500351D83 /* poke_wordleApp.swift */ = {isa = PBXFileReference; lastKnownFileType = sourcecode.swift; path = poke_wordleApp.swift; sourceTree = "<group>"; };
		7FA466E2282059A500351D83 /* ContentView.swift */ = {isa = PBXFileReference; lastKnownFileType = sourcecode.swift; path = ContentView.swift; sourceTree = "<group>"; };
		7FA466E4282059A600351D83 /* Assets.xcassets */ = {isa = PBXFileReference; lastKnownFileType = folder.assetcatalog; path = Assets.xcassets; sourceTree = "<group>"; };
		7FA466E7282059A600351D83 /* Preview Assets.xcassets */ = {isa = PBXFileReference; lastKnownFileType = folder.assetcatalog; path = "Preview Assets.xcassets"; sourceTree = "<group>"; };
		7FA466E9282059A600351D83 /* Persistence.swift */ = {isa = PBXFileReference; lastKnownFileType = sourcecode.swift; path = Persistence.swift; sourceTree = "<group>"; };
		7FA466EC282059A600351D83 /* poke_wordle.xcdatamodel */ = {isa = PBXFileReference; lastKnownFileType = wrapper.xcdatamodel; path = poke_wordle.xcdatamodel; sourceTree = "<group>"; };
		7FA466F2282059A600351D83 /* poke-wordleTests.xctest */ = {isa = PBXFileReference; explicitFileType = wrapper.cfbundle; includeInIndex = 0; path = "poke-wordleTests.xctest"; sourceTree = BUILT_PRODUCTS_DIR; };
		7FA466F6282059A600351D83 /* poke_wordleTests.swift */ = {isa = PBXFileReference; lastKnownFileType = sourcecode.swift; path = poke_wordleTests.swift; sourceTree = "<group>"; };
		7FA466FC282059A600351D83 /* poke-wordleUITests.xctest */ = {isa = PBXFileReference; explicitFileType = wrapper.cfbundle; includeInIndex = 0; path = "poke-wordleUITests.xctest"; sourceTree = BUILT_PRODUCTS_DIR; };
		7FA46700282059A600351D83 /* poke_wordleUITests.swift */ = {isa = PBXFileReference; lastKnownFileType = sourcecode.swift; path = poke_wordleUITests.swift; sourceTree = "<group>"; };
		7FA46702282059A600351D83 /* poke_wordleUITestsLaunchTests.swift */ = {isa = PBXFileReference; lastKnownFileType = sourcecode.swift; path = poke_wordleUITestsLaunchTests.swift; sourceTree = "<group>"; };
/* End PBXFileReference section */

/* Begin PBXFrameworksBuildPhase section */
		7FA466DA282059A500351D83 /* Frameworks */ = {
			isa = PBXFrameworksBuildPhase;
			buildActionMask = 2147483647;
			files = (
			);
			runOnlyForDeploymentPostprocessing = 0;
		};
		7FA466EF282059A600351D83 /* Frameworks */ = {
			isa = PBXFrameworksBuildPhase;
			buildActionMask = 2147483647;
			files = (
			);
			runOnlyForDeploymentPostprocessing = 0;
		};
		7FA466F9282059A600351D83 /* Frameworks */ = {
			isa = PBXFrameworksBuildPhase;
			buildActionMask = 2147483647;
			files = (
			);
			runOnlyForDeploymentPostprocessing = 0;
		};
/* End PBXFrameworksBuildPhase section */

/* Begin PBXGroup section */
		7FA466D4282059A500351D83 = {
			isa = PBXGroup;
			children = (
				7FA466DF282059A500351D83 /* poke-wordle */,
				7FA466F5282059A600351D83 /* poke-wordleTests */,
				7FA466FF282059A600351D83 /* poke-wordleUITests */,
				7FA466DE282059A500351D83 /* Products */,
			);
			sourceTree = "<group>";
		};
		7FA466DE282059A500351D83 /* Products */ = {
			isa = PBXGroup;
			children = (
				7FA466DD282059A500351D83 /* poke-wordle.app */,
				7FA466F2282059A600351D83 /* poke-wordleTests.xctest */,
				7FA466FC282059A600351D83 /* poke-wordleUITests.xctest */,
			);
			name = Products;
			sourceTree = "<group>";
		};
		7FA466DF282059A500351D83 /* poke-wordle */ = {
			isa = PBXGroup;
			children = (
				7FA466E0282059A500351D83 /* poke_wordleApp.swift */,
				7FA466E2282059A500351D83 /* ContentView.swift */,
				7FA466E4282059A600351D83 /* Assets.xcassets */,
				7FA466E9282059A600351D83 /* Persistence.swift */,
				7FA466EB282059A600351D83 /* poke_wordle.xcdatamodeld */,
				7FA466E6282059A600351D83 /* Preview Content */,
			);
			path = "poke-wordle";
			sourceTree = "<group>";
		};
		7FA466E6282059A600351D83 /* Preview Content */ = {
			isa = PBXGroup;
			children = (
				7FA466E7282059A600351D83 /* Preview Assets.xcassets */,
			);
			path = "Preview Content";
			sourceTree = "<group>";
		};
		7FA466F5282059A600351D83 /* poke-wordleTests */ = {
			isa = PBXGroup;
			children = (
				7FA466F6282059A600351D83 /* poke_wordleTests.swift */,
			);
			path = "poke-wordleTests";
			sourceTree = "<group>";
		};
		7FA466FF282059A600351D83 /* poke-wordleUITests */ = {
			isa = PBXGroup;
			children = (
				7FA46700282059A600351D83 /* poke_wordleUITests.swift */,
				7FA46702282059A600351D83 /* poke_wordleUITestsLaunchTests.swift */,
			);
			path = "poke-wordleUITests";
			sourceTree = "<group>";
		};
/* End PBXGroup section */

/* Begin PBXNativeTarget section */
		7FA466DC282059A500351D83 /* poke-wordle */ = {
			isa = PBXNativeTarget;
			buildConfigurationList = 7FA46706282059A600351D83 /* Build configuration list for PBXNativeTarget "poke-wordle" */;
			buildPhases = (
				7FA466D9282059A500351D83 /* Sources */,
				7FA466DA282059A500351D83 /* Frameworks */,
				7FA466DB282059A500351D83 /* Resources */,
			);
			buildRules = (
			);
			dependencies = (
			);
			name = "poke-wordle";
			productName = "poke-wordle";
			productReference = 7FA466DD282059A500351D83 /* poke-wordle.app */;
			productType = "com.apple.product-type.application";
		};
		7FA466F1282059A600351D83 /* poke-wordleTests */ = {
			isa = PBXNativeTarget;
			buildConfigurationList = 7FA46709282059A600351D83 /* Build configuration list for PBXNativeTarget "poke-wordleTests" */;
			buildPhases = (
				7FA466EE282059A600351D83 /* Sources */,
				7FA466EF282059A600351D83 /* Frameworks */,
				7FA466F0282059A600351D83 /* Resources */,
			);
			buildRules = (
			);
			dependencies = (
				7FA466F4282059A600351D83 /* PBXTargetDependency */,
			);
			name = "poke-wordleTests";
			productName = "poke-wordleTests";
			productReference = 7FA466F2282059A600351D83 /* poke-wordleTests.xctest */;
			productType = "com.apple.product-type.bundle.unit-test";
		};
		7FA466FB282059A600351D83 /* poke-wordleUITests */ = {
			isa = PBXNativeTarget;
			buildConfigurationList = 7FA4670C282059A600351D83 /* Build configuration list for PBXNativeTarget "poke-wordleUITests" */;
			buildPhases = (
				7FA466F8282059A600351D83 /* Sources */,
				7FA466F9282059A600351D83 /* Frameworks */,
				7FA466FA282059A600351D83 /* Resources */,
			);
			buildRules = (
			);
			dependencies = (
				7FA466FE282059A600351D83 /* PBXTargetDependency */,
			);
			name = "poke-wordleUITests";
			productName = "poke-wordleUITests";
			productReference = 7FA466FC282059A600351D83 /* poke-wordleUITests.xctest */;
			productType = "com.apple.product-type.bundle.ui-testing";
		};
/* End PBXNativeTarget section */

/* Begin PBXProject section */
		7FA466D5282059A500351D83 /* Project object */ = {
			isa = PBXProject;
			attributes = {
				BuildIndependentTargetsInParallel = 1;
				LastSwiftUpdateCheck = 1330;
				LastUpgradeCheck = 1330;
				TargetAttributes = {
					7FA466DC282059A500351D83 = {
						CreatedOnToolsVersion = 13.3.1;
					};
					7FA466F1282059A600351D83 = {
						CreatedOnToolsVersion = 13.3.1;
						TestTargetID = 7FA466DC282059A500351D83;
					};
					7FA466FB282059A600351D83 = {
						CreatedOnToolsVersion = 13.3.1;
						TestTargetID = 7FA466DC282059A500351D83;
					};
				};
			};
			buildConfigurationList = 7FA466D8282059A500351D83 /* Build configuration list for PBXProject "poke-wordle" */;
			compatibilityVersion = "Xcode 13.0";
			developmentRegion = en;
			hasScannedForEncodings = 0;
			knownRegions = (
				en,
				Base,
			);
			mainGroup = 7FA466D4282059A500351D83;
			productRefGroup = 7FA466DE282059A500351D83 /* Products */;
			projectDirPath = "";
			projectRoot = "";
			targets = (
				7FA466DC282059A500351D83 /* poke-wordle */,
				7FA466F1282059A600351D83 /* poke-wordleTests */,
				7FA466FB282059A600351D83 /* poke-wordleUITests */,
			);
		};
/* End PBXProject section */

/* Begin PBXResourcesBuildPhase section */
		7FA466DB282059A500351D83 /* Resources */ = {
			isa = PBXResourcesBuildPhase;
			buildActionMask = 2147483647;
			files = (
				7FA466E8282059A600351D83 /* Preview Assets.xcassets in Resources */,
				7FA466E5282059A600351D83 /* Assets.xcassets in Resources */,
			);
			runOnlyForDeploymentPostprocessing = 0;
		};
		7FA466F0282059A600351D83 /* Resources */ = {
			isa = PBXResourcesBuildPhase;
			buildActionMask = 2147483647;
			files = (
			);
			runOnlyForDeploymentPostprocessing = 0;
		};
		7FA466FA282059A600351D83 /* Resources */ = {
			isa = PBXResourcesBuildPhase;
			buildActionMask = 2147483647;
			files = (
			);
			runOnlyForDeploymentPostprocessing = 0;
		};
/* End PBXResourcesBuildPhase section */

/* Begin PBXSourcesBuildPhase section */
		7FA466D9282059A500351D83 /* Sources */ = {
			isa = PBXSourcesBuildPhase;
			buildActionMask = 2147483647;
			files = (
				7FA466EA282059A600351D83 /* Persistence.swift in Sources */,
				7FA466E3282059A500351D83 /* ContentView.swift in Sources */,
				7FA466E1282059A500351D83 /* poke_wordleApp.swift in Sources */,
				7FA466ED282059A600351D83 /* poke_wordle.xcdatamodeld in Sources */,
			);
			runOnlyForDeploymentPostprocessing = 0;
		};
		7FA466EE282059A600351D83 /* Sources */ = {
			isa = PBXSourcesBuildPhase;
			buildActionMask = 2147483647;
			files = (
				7FA466F7282059A600351D83 /* poke_wordleTests.swift in Sources */,
			);
			runOnlyForDeploymentPostprocessing = 0;
		};
		7FA466F8282059A600351D83 /* Sources */ = {
			isa = PBXSourcesBuildPhase;
			buildActionMask = 2147483647;
			files = (
				7FA46703282059A600351D83 /* poke_wordleUITestsLaunchTests.swift in Sources */,
				7FA46701282059A600351D83 /* poke_wordleUITests.swift in Sources */,
			);
			runOnlyForDeploymentPostprocessing = 0;
		};
/* End PBXSourcesBuildPhase section */

/* Begin PBXTargetDependency section */
		7FA466F4282059A600351D83 /* PBXTargetDependency */ = {
			isa = PBXTargetDependency;
			target = 7FA466DC282059A500351D83 /* poke-wordle */;
			targetProxy = 7FA466F3282059A600351D83 /* PBXContainerItemProxy */;
		};
		7FA466FE282059A600351D83 /* PBXTargetDependency */ = {
			isa = PBXTargetDependency;
			target = 7FA466DC282059A500351D83 /* poke-wordle */;
			targetProxy = 7FA466FD282059A600351D83 /* PBXContainerItemProxy */;
		};
/* End PBXTargetDependency section */

/* Begin XCBuildConfiguration section */
		7FA46704282059A600351D83 /* Debug */ = {
			isa = XCBuildConfiguration;
			buildSettings = {
				ALWAYS_SEARCH_USER_PATHS = NO;
				CLANG_ANALYZER_NONNULL = YES;
				CLANG_ANALYZER_NUMBER_OBJECT_CONVERSION = YES_AGGRESSIVE;
				CLANG_CXX_LANGUAGE_STANDARD = "gnu++17";
				CLANG_ENABLE_MODULES = YES;
				CLANG_ENABLE_OBJC_ARC = YES;
				CLANG_ENABLE_OBJC_WEAK = YES;
				CLANG_WARN_BLOCK_CAPTURE_AUTORELEASING = YES;
				CLANG_WARN_BOOL_CONVERSION = YES;
				CLANG_WARN_COMMA = YES;
				CLANG_WARN_CONSTANT_CONVERSION = YES;
				CLANG_WARN_DEPRECATED_OBJC_IMPLEMENTATIONS = YES;
				CLANG_WARN_DIRECT_OBJC_ISA_USAGE = YES_ERROR;
				CLANG_WARN_DOCUMENTATION_COMMENTS = YES;
				CLANG_WARN_EMPTY_BODY = YES;
				CLANG_WARN_ENUM_CONVERSION = YES;
				CLANG_WARN_INFINITE_RECURSION = YES;
				CLANG_WARN_INT_CONVERSION = YES;
				CLANG_WARN_NON_LITERAL_NULL_CONVERSION = YES;
				CLANG_WARN_OBJC_IMPLICIT_RETAIN_SELF = YES;
				CLANG_WARN_OBJC_LITERAL_CONVERSION = YES;
				CLANG_WARN_OBJC_ROOT_CLASS = YES_ERROR;
				CLANG_WARN_QUOTED_INCLUDE_IN_FRAMEWORK_HEADER = YES;
				CLANG_WARN_RANGE_LOOP_ANALYSIS = YES;
				CLANG_WARN_STRICT_PROTOTYPES = YES;
				CLANG_WARN_SUSPICIOUS_MOVE = YES;
				CLANG_WARN_UNGUARDED_AVAILABILITY = YES_AGGRESSIVE;
				CLANG_WARN_UNREACHABLE_CODE = YES;
				CLANG_WARN__DUPLICATE_METHOD_MATCH = YES;
				COPY_PHASE_STRIP = NO;
				DEBUG_INFORMATION_FORMAT = dwarf;
				ENABLE_STRICT_OBJC_MSGSEND = YES;
				ENABLE_TESTABILITY = YES;
				GCC_C_LANGUAGE_STANDARD = gnu11;
				GCC_DYNAMIC_NO_PIC = NO;
				GCC_NO_COMMON_BLOCKS = YES;
				GCC_OPTIMIZATION_LEVEL = 0;
				GCC_PREPROCESSOR_DEFINITIONS = (
					"DEBUG=1",
					"$(inherited)",
				);
				GCC_WARN_64_TO_32_BIT_CONVERSION = YES;
				GCC_WARN_ABOUT_RETURN_TYPE = YES_ERROR;
				GCC_WARN_UNDECLARED_SELECTOR = YES;
				GCC_WARN_UNINITIALIZED_AUTOS = YES_AGGRESSIVE;
				GCC_WARN_UNUSED_FUNCTION = YES;
				GCC_WARN_UNUSED_VARIABLE = YES;
				IPHONEOS_DEPLOYMENT_TARGET = 15.4;
				MTL_ENABLE_DEBUG_INFO = INCLUDE_SOURCE;
				MTL_FAST_MATH = YES;
				ONLY_ACTIVE_ARCH = YES;
				SDKROOT = iphoneos;
				SWIFT_ACTIVE_COMPILATION_CONDITIONS = DEBUG;
				SWIFT_OPTIMIZATION_LEVEL = "-Onone";
			};
			name = Debug;
		};
		7FA46705282059A600351D83 /* Release */ = {
			isa = XCBuildConfiguration;
			buildSettings = {
				ALWAYS_SEARCH_USER_PATHS = NO;
				CLANG_ANALYZER_NONNULL = YES;
				CLANG_ANALYZER_NUMBER_OBJECT_CONVERSION = YES_AGGRESSIVE;
				CLANG_CXX_LANGUAGE_STANDARD = "gnu++17";
				CLANG_ENABLE_MODULES = YES;
				CLANG_ENABLE_OBJC_ARC = YES;
				CLANG_ENABLE_OBJC_WEAK = YES;
				CLANG_WARN_BLOCK_CAPTURE_AUTORELEASING = YES;
				CLANG_WARN_BOOL_CONVERSION = YES;
				CLANG_WARN_COMMA = YES;
				CLANG_WARN_CONSTANT_CONVERSION = YES;
				CLANG_WARN_DEPRECATED_OBJC_IMPLEMENTATIONS = YES;
				CLANG_WARN_DIRECT_OBJC_ISA_USAGE = YES_ERROR;
				CLANG_WARN_DOCUMENTATION_COMMENTS = YES;
				CLANG_WARN_EMPTY_BODY = YES;
				CLANG_WARN_ENUM_CONVERSION = YES;
				CLANG_WARN_INFINITE_RECURSION = YES;
				CLANG_WARN_INT_CONVERSION = YES;
				CLANG_WARN_NON_LITERAL_NULL_CONVERSION = YES;
				CLANG_WARN_OBJC_IMPLICIT_RETAIN_SELF = YES;
				CLANG_WARN_OBJC_LITERAL_CONVERSION = YES;
				CLANG_WARN_OBJC_ROOT_CLASS = YES_ERROR;
				CLANG_WARN_QUOTED_INCLUDE_IN_FRAMEWORK_HEADER = YES;
				CLANG_WARN_RANGE_LOOP_ANALYSIS = YES;
				CLANG_WARN_STRICT_PROTOTYPES = YES;
				CLANG_WARN_SUSPICIOUS_MOVE = YES;
				CLANG_WARN_UNGUARDED_AVAILABILITY = YES_AGGRESSIVE;
				CLANG_WARN_UNREACHABLE_CODE = YES;
				CLANG_WARN__DUPLICATE_METHOD_MATCH = YES;
				COPY_PHASE_STRIP = NO;
				DEBUG_INFORMATION_FORMAT = "dwarf-with-dsym";
				ENABLE_NS_ASSERTIONS = NO;
				ENABLE_STRICT_OBJC_MSGSEND = YES;
				GCC_C_LANGUAGE_STANDARD = gnu11;
				GCC_NO_COMMON_BLOCKS = YES;
				GCC_WARN_64_TO_32_BIT_CONVERSION = YES;
				GCC_WARN_ABOUT_RETURN_TYPE = YES_ERROR;
				GCC_WARN_UNDECLARED_SELECTOR = YES;
				GCC_WARN_UNINITIALIZED_AUTOS = YES_AGGRESSIVE;
				GCC_WARN_UNUSED_FUNCTION = YES;
				GCC_WARN_UNUSED_VARIABLE = YES;
				IPHONEOS_DEPLOYMENT_TARGET = 15.4;
				MTL_ENABLE_DEBUG_INFO = NO;
				MTL_FAST_MATH = YES;
				SDKROOT = iphoneos;
				SWIFT_COMPILATION_MODE = wholemodule;
				SWIFT_OPTIMIZATION_LEVEL = "-O";
				VALIDATE_PRODUCT = YES;
			};
			name = Release;
		};
		7FA46707282059A600351D83 /* Debug */ = {
			isa = XCBuildConfiguration;
			buildSettings = {
				ASSETCATALOG_COMPILER_APPICON_NAME = AppIcon;
				ASSETCATALOG_COMPILER_GLOBAL_ACCENT_COLOR_NAME = AccentColor;
				CODE_SIGN_STYLE = Automatic;
				CURRENT_PROJECT_VERSION = 1;
				DEVELOPMENT_ASSET_PATHS = "\"poke-wordle/Preview Content\"";
				DEVELOPMENT_TEAM = VNA55J4REY;
				ENABLE_PREVIEWS = YES;
				GENERATE_INFOPLIST_FILE = YES;
				INFOPLIST_KEY_UIApplicationSceneManifest_Generation = YES;
				INFOPLIST_KEY_UIApplicationSupportsIndirectInputEvents = YES;
				INFOPLIST_KEY_UILaunchScreen_Generation = YES;
				INFOPLIST_KEY_UISupportedInterfaceOrientations_iPad = "UIInterfaceOrientationPortrait UIInterfaceOrientationPortraitUpsideDown UIInterfaceOrientationLandscapeLeft UIInterfaceOrientationLandscapeRight";
				INFOPLIST_KEY_UISupportedInterfaceOrientations_iPhone = "UIInterfaceOrientationPortrait UIInterfaceOrientationLandscapeLeft UIInterfaceOrientationLandscapeRight";
				LD_RUNPATH_SEARCH_PATHS = (
					"$(inherited)",
					"@executable_path/Frameworks",
				);
				MARKETING_VERSION = 1.0;
				PRODUCT_BUNDLE_IDENTIFIER = "com.ikemattice.poke-wordle";
				PRODUCT_NAME = "$(TARGET_NAME)";
				SWIFT_EMIT_LOC_STRINGS = YES;
				SWIFT_VERSION = 5.0;
				TARGETED_DEVICE_FAMILY = "1,2";
			};
			name = Debug;
		};
		7FA46708282059A600351D83 /* Release */ = {
			isa = XCBuildConfiguration;
			buildSettings = {
				ASSETCATALOG_COMPILER_APPICON_NAME = AppIcon;
				ASSETCATALOG_COMPILER_GLOBAL_ACCENT_COLOR_NAME = AccentColor;
				CODE_SIGN_STYLE = Automatic;
				CURRENT_PROJECT_VERSION = 1;
				DEVELOPMENT_ASSET_PATHS = "\"poke-wordle/Preview Content\"";
				DEVELOPMENT_TEAM = VNA55J4REY;
				ENABLE_PREVIEWS = YES;
				GENERATE_INFOPLIST_FILE = YES;
				INFOPLIST_KEY_UIApplicationSceneManifest_Generation = YES;
				INFOPLIST_KEY_UIApplicationSupportsIndirectInputEvents = YES;
				INFOPLIST_KEY_UILaunchScreen_Generation = YES;
				INFOPLIST_KEY_UISupportedInterfaceOrientations_iPad = "UIInterfaceOrientationPortrait UIInterfaceOrientationPortraitUpsideDown UIInterfaceOrientationLandscapeLeft UIInterfaceOrientationLandscapeRight";
				INFOPLIST_KEY_UISupportedInterfaceOrientations_iPhone = "UIInterfaceOrientationPortrait UIInterfaceOrientationLandscapeLeft UIInterfaceOrientationLandscapeRight";
				LD_RUNPATH_SEARCH_PATHS = (
					"$(inherited)",
					"@executable_path/Frameworks",
				);
				MARKETING_VERSION = 1.0;
				PRODUCT_BUNDLE_IDENTIFIER = "com.ikemattice.poke-wordle";
				PRODUCT_NAME = "$(TARGET_NAME)";
				SWIFT_EMIT_LOC_STRINGS = YES;
				SWIFT_VERSION = 5.0;
				TARGETED_DEVICE_FAMILY = "1,2";
			};
			name = Release;
		};
		7FA4670A282059A600351D83 /* Debug */ = {
			isa = XCBuildConfiguration;
			buildSettings = {
				ALWAYS_EMBED_SWIFT_STANDARD_LIBRARIES = YES;
				BUNDLE_LOADER = "$(TEST_HOST)";
				CODE_SIGN_STYLE = Automatic;
				CURRENT_PROJECT_VERSION = 1;
				DEVELOPMENT_TEAM = VNA55J4REY;
				GENERATE_INFOPLIST_FILE = YES;
				IPHONEOS_DEPLOYMENT_TARGET = 15.4;
				MARKETING_VERSION = 1.0;
				PRODUCT_BUNDLE_IDENTIFIER = "com.ikemattice.poke-wordleTests";
				PRODUCT_NAME = "$(TARGET_NAME)";
				SWIFT_EMIT_LOC_STRINGS = NO;
				SWIFT_VERSION = 5.0;
				TARGETED_DEVICE_FAMILY = "1,2";
				TEST_HOST = "$(BUILT_PRODUCTS_DIR)/poke-wordle.app/poke-wordle";
			};
			name = Debug;
		};
		7FA4670B282059A600351D83 /* Release */ = {
			isa = XCBuildConfiguration;
			buildSettings = {
				ALWAYS_EMBED_SWIFT_STANDARD_LIBRARIES = YES;
				BUNDLE_LOADER = "$(TEST_HOST)";
				CODE_SIGN_STYLE = Automatic;
				CURRENT_PROJECT_VERSION = 1;
				DEVELOPMENT_TEAM = VNA55J4REY;
				GENERATE_INFOPLIST_FILE = YES;
				IPHONEOS_DEPLOYMENT_TARGET = 15.4;
				MARKETING_VERSION = 1.0;
				PRODUCT_BUNDLE_IDENTIFIER = "com.ikemattice.poke-wordleTests";
				PRODUCT_NAME = "$(TARGET_NAME)";
				SWIFT_EMIT_LOC_STRINGS = NO;
				SWIFT_VERSION = 5.0;
				TARGETED_DEVICE_FAMILY = "1,2";
				TEST_HOST = "$(BUILT_PRODUCTS_DIR)/poke-wordle.app/poke-wordle";
			};
			name = Release;
		};
		7FA4670D282059A600351D83 /* Debug */ = {
			isa = XCBuildConfiguration;
			buildSettings = {
				ALWAYS_EMBED_SWIFT_STANDARD_LIBRARIES = YES;
				CODE_SIGN_STYLE = Automatic;
				CURRENT_PROJECT_VERSION = 1;
				DEVELOPMENT_TEAM = VNA55J4REY;
				GENERATE_INFOPLIST_FILE = YES;
				MARKETING_VERSION = 1.0;
				PRODUCT_BUNDLE_IDENTIFIER = "com.ikemattice.poke-wordleUITests";
				PRODUCT_NAME = "$(TARGET_NAME)";
				SWIFT_EMIT_LOC_STRINGS = NO;
				SWIFT_VERSION = 5.0;
				TARGETED_DEVICE_FAMILY = "1,2";
				TEST_TARGET_NAME = "poke-wordle";
			};
			name = Debug;
		};
		7FA4670E282059A600351D83 /* Release */ = {
			isa = XCBuildConfiguration;
			buildSettings = {
				ALWAYS_EMBED_SWIFT_STANDARD_LIBRARIES = YES;
				CODE_SIGN_STYLE = Automatic;
				CURRENT_PROJECT_VERSION = 1;
				DEVELOPMENT_TEAM = VNA55J4REY;
				GENERATE_INFOPLIST_FILE = YES;
				MARKETING_VERSION = 1.0;
				PRODUCT_BUNDLE_IDENTIFIER = "com.ikemattice.poke-wordleUITests";
				PRODUCT_NAME = "$(TARGET_NAME)";
				SWIFT_EMIT_LOC_STRINGS = NO;
				SWIFT_VERSION = 5.0;
				TARGETED_DEVICE_FAMILY = "1,2";
				TEST_TARGET_NAME = "poke-wordle";
			};
			name = Release;
		};
/* End XCBuildConfiguration section */

/* Begin XCConfigurationList section */
		7FA466D8282059A500351D83 /* Build configuration list for PBXProject "poke-wordle" */ = {
			isa = XCConfigurationList;
			buildConfigurations = (
				7FA46704282059A600351D83 /* Debug */,
				7FA46705282059A600351D83 /* Release */,
			);
			defaultConfigurationIsVisible = 0;
			defaultConfigurationName = Release;
		};
		7FA46706282059A600351D83 /* Build configuration list for PBXNativeTarget "poke-wordle" */ = {
			isa = XCConfigurationList;
			buildConfigurations = (
				7FA46707282059A600351D83 /* Debug */,
				7FA46708282059A600351D83 /* Release */,
			);
			defaultConfigurationIsVisible = 0;
			defaultConfigurationName = Release;
		};
		7FA46709282059A600351D83 /* Build configuration list for PBXNativeTarget "poke-wordleTests" */ = {
			isa = XCConfigurationList;
			buildConfigurations = (
				7FA4670A282059A600351D83 /* Debug */,
				7FA4670B282059A600351D83 /* Release */,
			);
			defaultConfigurationIsVisible = 0;
			defaultConfigurationName = Release;
		};
		7FA4670C282059A600351D83 /* Build configuration list for PBXNativeTarget "poke-wordleUITests" */ = {
			isa = XCConfigurationList;
			buildConfigurations = (
				7FA4670D282059A600351D83 /* Debug */,
				7FA4670E282059A600351D83 /* Release */,
			);
			defaultConfigurationIsVisible = 0;
			defaultConfigurationName = Release;
		};
/* End XCConfigurationList section */

/* Begin XCVersionGroup section */
		7FA466EB282059A600351D83 /* poke_wordle.xcdatamodeld */ = {
			isa = XCVersionGroup;
			children = (
				7FA466EC282059A600351D83 /* poke_wordle.xcdatamodel */,
			);
			currentVersion = 7FA466EC282059A600351D83 /* poke_wordle.xcdatamodel */;
			path = poke_wordle.xcdatamodeld;
			sourceTree = "<group>";
			versionGroupType = wrapper.xcdatamodel;
		};
/* End XCVersionGroup section */
	};
	rootObject = 7FA466D5282059A500351D83 /* Project object */;
}
